github.com/elastic/go-elasticsearch v0.0.0 h1:Pd5fqOuBxKxv83b0+xOAJDAkziWYwFinWnBO0y+TZaA=
github.com/elastic/go-elasticsearch v0.0.0/go.mod h1:TkBSJBuTyFdBnrNqoPc54FN0vKf5c04IdM4zuStJ7xg=
github.com/elastic/go-elasticsearch/v8 v8.0.0-20201007143536-4b4020669208 h1:e7eoyubUAsH05vn5eMkgMPQO6E+B+CT7yxWbLSQe2xU=
github.com/elastic/go-elasticsearch/v8 v8.0.0-20201007143536-4b4020669208/go.mod h1:xe9a/L2aeOgFKKgrO3ibQTnMdpAeL0GC+5/HpGScSa4=
github.com/mitchellh/mapstructure v1.3.3 h1:SzB1nHZ2Xi+17FP0zVQBHIZqvwRN9408fJO8h+eeNA8=
github.com/mitchellh/mapstructure v1.3.3/go.mod h1:bFUtVrKA4DC2yAKiSyO/QUcy7e+RRV2QTWOzhPopBRo=
